
Microsoft Visual Studio Solution File, Format Version 12.00
# Visual Studio Version 16
VisualStudioVersion = 16.0.30503.244
MinimumVisualStudioVersion = 10.0.40219.1
Project("{FAE04EC0-301F-11D3-BF4B-00C04F79EFBC}") = "Libreria.Datos", "Libreria.Datos\Libreria.Datos.csproj", "{969ABCF1-F620-426C-8B78-299561169247}"
EndProject
Project("{FAE04EC0-301F-11D3-BF4B-00C04F79EFBC}") = "Libreria.Entidades", "Libreria.Entidades\Libreria.Entidades.csproj", "{872B2F04-6D7D-4E95-94B9-419D0DB34BE9}"
EndProject
Project("{FAE04EC0-301F-11D3-BF4B-00C04F79EFBC}") = "HerramientasComunes", "HerramientasComunes\HerramientasComunes.csproj", "{EA16C7AC-4A52-4246-8851-0EC8B51A464F}"
EndProject
Project("{FAE04EC0-301F-11D3-BF4B-00C04F79EFBC}") = "Libreria.Negocios", "Libreria.Negocios\Libreria.Negocios.csproj", "{70887BC4-89A3-4908-A439-9E6FD6BBA607}"
EndProject
Project("{FAE04EC0-301F-11D3-BF4B-00C04F79EFBC}") = "LibreriaWCF", "LibreriaWCF\LibreriaWCF.csproj", "{698F8816-CF79-4081-8D83-45826FDF6B19}"
EndProject
Project("{FAE04EC0-301F-11D3-BF4B-00C04F79EFBC}") = "Libreria.FrontEnd", "Libreria.FrontEnd\Libreria.FrontEnd.csproj", "{A6B50A0E-E523-4F19-AF3C-F9978B0840DD}"
	ProjectSection(ProjectDependencies) = postProject
		{698F8816-CF79-4081-8D83-45826FDF6B19} = {698F8816-CF79-4081-8D83-45826FDF6B19}
	EndProjectSection
EndProject
Global
	GlobalSection(SolutionConfigurationPlatforms) = preSolution
		Debug|Any CPU = Debug|Any CPU
		Release|Any CPU = Release|Any CPU
	EndGlobalSection
	GlobalSection(ProjectConfigurationPlatforms) = postSolution
		{969ABCF1-F620-426C-8B78-299561169247}.Debug|Any CPU.ActiveCfg = Debug|Any CPU
		{969ABCF1-F620-426C-8B78-299561169247}.Debug|Any CPU.Build.0 = Debug|Any CPU
		{969ABCF1-F620-426C-8B78-299561169247}.Release|Any CPU.ActiveCfg = Release|Any CPU
		{969ABCF1-F620-426C-8B78-299561169247}.Release|Any CPU.Build.0 = Release|Any CPU
		{872B2F04-6D7D-4E95-94B9-419D0DB34BE9}.Debug|Any CPU.ActiveCfg = Debug|Any CPU
		{872B2F04-6D7D-4E95-94B9-419D0DB34BE9}.Debug|Any CPU.Build.0 = Debug|Any CPU
		{872B2F04-6D7D-4E95-94B9-419D0DB34BE9}.Release|Any CPU.ActiveCfg = Release|Any CPU
		{872B2F04-6D7D-4E95-94B9-419D0DB34BE9}.Release|Any CPU.Build.0 = Release|Any CPU
		{EA16C7AC-4A52-4246-8851-0EC8B51A464F}.Debug|Any CPU.ActiveCfg = Debug|Any CPU
		{EA16C7AC-4A52-4246-8851-0EC8B51A464F}.Debug|Any CPU.Build.0 = Debug|Any CPU
		{EA16C7AC-4A52-4246-8851-0EC8B51A464F}.Release|Any CPU.ActiveCfg = Release|Any CPU
		{EA16C7AC-4A52-4246-8851-0EC8B51A464F}.Release|Any CPU.Build.0 = Release|Any CPU
		{70887BC4-89A3-4908-A439-9E6FD6BBA607}.Debug|Any CPU.ActiveCfg = Debug|Any CPU
		{70887BC4-89A3-4908-A439-9E6FD6BBA607}.Debug|Any CPU.Build.0 = Debug|Any CPU
		{70887BC4-89A3-4908-A439-9E6FD6BBA607}.Release|Any CPU.ActiveCfg = Release|Any CPU
		{70887BC4-89A3-4908-A439-9E6FD6BBA607}.Release|Any CPU.Build.0 = Release|Any CPU
		{698F8816-CF79-4081-8D83-45826FDF6B19}.Debug|Any CPU.ActiveCfg = Debug|Any CPU
		{698F8816-CF79-4081-8D83-45826FDF6B19}.Debug|Any CPU.Build.0 = Debug|Any CPU
		{698F8816-CF79-4081-8D83-45826FDF6B19}.Release|Any CPU.ActiveCfg = Release|Any CPU
		{698F8816-CF79-4081-8D83-45826FDF6B19}.Release|Any CPU.Build.0 = Release|Any CPU
		{A6B50A0E-E523-4F19-AF3C-F9978B0840DD}.Debug|Any CPU.ActiveCfg = Debug|Any CPU
		{A6B50A0E-E523-4F19-AF3C-F9978B0840DD}.Debug|Any CPU.Build.0 = Debug|Any CPU
		{A6B50A0E-E523-4F19-AF3C-F9978B0840DD}.Release|Any CPU.ActiveCfg = Release|Any CPU
		{A6B50A0E-E523-4F19-AF3C-F9978B0840DD}.Release|Any CPU.Build.0 = Release|Any CPU
	EndGlobalSection
	GlobalSection(SolutionProperties) = preSolution
		HideSolutionNode = FALSE
	EndGlobalSection
	GlobalSection(ExtensibilityGlobals) = postSolution
		SolutionGuid = {DEA91E44-7117-4F28-849C-37426BBED140}
	EndGlobalSection
EndGlobal
